// !$*UTF8*$!
{
	archiveVersion = 1;
	classes = {
	};
	objectVersion = 46;
	objects = {

/* Begin PBXBuildFile section */
		3B962B221C816334005BF30B /* main.m in Sources */ = {isa = PBXBuildFile; fileRef = 3B962B211C816334005BF30B /* main.m */; };
		3B962B251C816334005BF30B /* AppDelegate.m in Sources */ = {isa = PBXBuildFile; fileRef = 3B962B241C816334005BF30B /* AppDelegate.m */; };
		3B962B281C816334005BF30B /* ViewController.m in Sources */ = {isa = PBXBuildFile; fileRef = 3B962B271C816334005BF30B /* ViewController.m */; };
		3B962B2B1C816334005BF30B /* Main.storyboard in Resources */ = {isa = PBXBuildFile; fileRef = 3B962B291C816334005BF30B /* Main.storyboard */; };
		3B962B2D1C816334005BF30B /* Assets.xcassets in Resources */ = {isa = PBXBuildFile; fileRef = 3B962B2C1C816334005BF30B /* Assets.xcassets */; };
		3B962B301C816334005BF30B /* LaunchScreen.storyboard in Resources */ = {isa = PBXBuildFile; fileRef = 3B962B2E1C816334005BF30B /* LaunchScreen.storyboard */; };
/* End PBXBuildFile section */

/* Begin PBXFileReference section */
		3B962B1D1C816334005BF30B /* news.app */ = {isa = PBXFileReference; explicitFileType = wrapper.application; includeInIndex = 0; path = news.app; sourceTree = BUILT_PRODUCTS_DIR; };
		3B962B211C816334005BF30B /* main.m */ = {isa = PBXFileReference; lastKnownFileType = sourcecode.c.objc; path = main.m; sourceTree = "<group>"; };
		3B962B231C816334005BF30B /* AppDelegate.h */ = {isa = PBXFileReference; lastKnownFileType = sourcecode.c.h; path = AppDelegate.h; sourceTree = "<group>"; };
		3B962B241C816334005BF30B /* AppDelegate.m */ = {isa = PBXFileReference; lastKnownFileType = sourcecode.c.objc; path = AppDelegate.m; sourceTree = "<group>"; };
		3B962B261C816334005BF30B /* ViewController.h */ = {isa = PBXFileReference; lastKnownFileType = sourcecode.c.h; path = ViewController.h; sourceTree = "<group>"; };
		3B962B271C816334005BF30B /* ViewController.m */ = {isa = PBXFileReference; lastKnownFileType = sourcecode.c.objc; path = ViewController.m; sourceTree = "<group>"; };
		3B962B2A1C816334005BF30B /* Base */ = {isa = PBXFileReference; lastKnownFileType = file.storyboard; name = Base; path = Base.lproj/Main.storyboard; sourceTree = "<group>"; };
		3B962B2C1C816334005BF30B /* Assets.xcassets */ = {isa = PBXFileReference; lastKnownFileType = folder.assetcatalog; path = Assets.xcassets; sourceTree = "<group>"; };
		3B962B2F1C816334005BF30B /* Base */ = {isa = PBXFileReference; lastKnownFileType = file.storyboard; name = Base; path = Base.lproj/LaunchScreen.storyboard; sourceTree = "<group>"; };
		3B962B311C816334005BF30B /* Info.plist */ = {isa = PBXFileReference; lastKnownFileType = text.plist.xml; path = Info.plist; sourceTree = "<group>"; };
/* End PBXFileReference section */

/* Begin PBXFrameworksBuildPhase section */
		3B962B1A1C816334005BF30B /* Frameworks */ = {
			isa = PBXFrameworksBuildPhase;
			buildActionMask = 2147483647;
			files = (
			);
			runOnlyForDeploymentPostprocessing = 0;
		};
/* End PBXFrameworksBuildPhase section */

/* Begin PBXGroup section */
		3B962B141C816334005BF30B = {
			isa = PBXGroup;
			children = (
				3B962B1F1C816334005BF30B /* news */,
				3B962B1E1C816334005BF30B /* Products */,
			);
			sourceTree = "<group>";
		};
		3B962B1E1C816334005BF30B /* Products */ = {
			isa = PBXGroup;
			children = (
				3B962B1D1C816334005BF30B /* news.app */,
			);
			name = Products;
			sourceTree = "<group>";
		};
		3B962B1F1C816334005BF30B /* news */ = {
			isa = PBXGroup;
			children = (
				3B962B231C816334005BF30B /* AppDelegate.h */,
				3B962B241C816334005BF30B /* AppDelegate.m */,
				3B962B261C816334005BF30B /* ViewController.h */,
				3B962B271C816334005BF30B /* ViewController.m */,
				3B962B291C816334005BF30B /* Main.storyboard */,
				3B962B2C1C816334005BF30B /* Assets.xcassets */,
				3B962B2E1C816334005BF30B /* LaunchScreen.storyboard */,
				3B962B311C816334005BF30B /* Info.plist */,
				3B962B201C816334005BF30B /* Supporting Files */,
			);
			path = news;
			sourceTree = "<group>";
		};
		3B962B201C816334005BF30B /* Supporting Files */ = {
			isa = PBXGroup;
			children = (
				3B962B211C816334005BF30B /* main.m */,
			);
			name = "Supporting Files";
			sourceTree = "<group>";
		};
/* End PBXGroup section */

/* Begin PBXNativeTarget section */
		3B962B1C1C816334005BF30B /* news */ = {
			isa = PBXNativeTarget;
			buildConfigurationList = 3B962B341C816334005BF30B /* Build configuration list for PBXNativeTarget "news" */;
			buildPhases = (
				3B962B191C816334005BF30B /* Sources */,
				3B962B1A1C816334005BF30B /* Frameworks */,
				3B962B1B1C816334005BF30B /* Resources */,
			);
			buildRules = (
			);
			dependencies = (
			);
			name = news;
			productName = news;
			productReference = 3B962B1D1C816334005BF30B /* news.app */;
			productType = "com.apple.product-type.application";
		};
/* End PBXNativeTarget section */

/* Begin PBXProject section */
		3B962B151C816334005BF30B /* Project object */ = {
			isa = PBXProject;
			attributes = {
				LastUpgradeCheck = 0720;
				ORGANIZATIONNAME = lm;
				TargetAttributes = {
					3B962B1C1C816334005BF30B = {
						CreatedOnToolsVersion = 7.2.1;
					};
				};
			};
			buildConfigurationList = 3B962B181C816334005BF30B /* Build configuration list for PBXProject "news" */;
			compatibilityVersion = "Xcode 3.2";
			developmentRegion = English;
			hasScannedForEncodings = 0;
			knownRegions = (
				en,
				Base,
			);
			mainGroup = 3B962B141C816334005BF30B;
			productRefGroup = 3B962B1E1C816334005BF30B /* Products */;
			projectDirPath = "";
			projectRoot = "";
			targets = (
				3B962B1C1C816334005BF30B /* news */,
			);
		};
/* End PBXProject section */

/* Begin PBXResourcesBuildPhase section */
		3B962B1B1C816334005BF30B /* Resources */ = {
			isa = PBXResourcesBuildPhase;
			buildActionMask = 2147483647;
			files = (
				3B962B301C816334005BF30B /* LaunchScreen.storyboard in Resources */,
				3B962B2D1C816334005BF30B /* Assets.xcassets in Resources */,
				3B962B2B1C816334005BF30B /* Main.storyboard in Resources */,
			);
			runOnlyForDeploymentPostprocessing = 0;
		};
/* End PBXResourcesBuildPhase section */

/* Begin PBXSourcesBuildPhase section */
		3B962B191C816334005BF30B /* Sources */ = {
			isa = PBXSourcesBuildPhase;
			buildActionMask = 2147483647;
			files = (
				3B962B281C816334005BF30B /* ViewController.m in Sources */,
				3B962B251C816334005BF30B /* AppDelegate.m in Sources */,
				3B962B221C816334005BF30B /* main.m in Sources */,
			);
			runOnlyForDeploymentPostprocessing = 0;
		};
/* End PBXSourcesBuildPhase section */

/* Begin PBXVariantGroup section */
		3B962B291C816334005BF30B /* Main.storyboard */ = {
			isa = PBXVariantGroup;
			children = (
				3B962B2A1C816334005BF30B /* Base */,
			);
			name = Main.storyboard;
			sourceTree = "<group>";
		};
		3B962B2E1C816334005BF30B /* LaunchScreen.storyboard */ = {
			isa = PBXVariantGroup;
			children = (
				3B962B2F1C816334005BF30B /* Base */,
			);
			name = LaunchScreen.storyboard;
			sourceTree = "<group>";
		};
/* End PBXVariantGroup section */

/* Begin XCBuildConfiguration section */
		3B962B321C816334005BF30B /* Debug */ = {
			isa = XCBuildConfiguration;
			buildSettings = {
				ALWAYS_SEARCH_USER_PATHS = NO;
				CLANG_CXX_LANGUAGE_STANDARD = "gnu++0x";
				CLANG_CXX_LIBRARY = "libc++";
				CLANG_ENABLE_MODULES = YES;
				CLANG_ENABLE_OBJC_ARC = YES;
				CLANG_WARN_BOOL_CONVERSION = YES;
				CLANG_WARN_CONSTANT_CONVERSION = YES;
				CLANG_WARN_DIRECT_OBJC_ISA_USAGE = YES_ERROR;
				CLANG_WARN_EMPTY_BODY = YES;
				CLANG_WARN_ENUM_CONVERSION = YES;
				CLANG_WARN_INT_CONVERSION = YES;
				CLANG_WARN_OBJC_ROOT_CLASS = YES_ERROR;
				CLANG_WARN_UNREACHABLE_CODE = YES;
				CLANG_WARN__DUPLICATE_METHOD_MATCH = YES;
				"CODE_SIGN_IDENTITY[sdk=iphoneos*]" = "iPhone Developer";
				COPY_PHASE_STRIP = NO;
				DEBUG_INFORMATION_FORMAT = dwarf;
				ENABLE_STRICT_OBJC_MSGSEND = YES;
				ENABLE_TESTABILITY = YES;
				GCC_C_LANGUAGE_STANDARD = gnu99;
				GCC_DYNAMIC_NO_PIC = NO;
				GCC_NO_COMMON_BLOCKS = YES;
				GCC_OPTIMIZATION_LEVEL = 0;
				GCC_PREPROCESSOR_DEFINITIONS = (
					"DEBUG=1",
					"$(inherited)",
				);
				GCC_WARN_64_TO_32_BIT_CONVERSION = YES;
				GCC_WARN_ABOUT_RETURN_TYPE = YES_ERROR;
				GCC_WARN_UNDECLARED_SELECTOR = YES;
				GCC_WARN_UNINITIALIZED_AUTOS = YES_AGGRESSIVE;
				GCC_WARN_UNUSED_FUNCTION = YES;
				GCC_WARN_UNUSED_VARIABLE = YES;
				IPHONEOS_DEPLOYMENT_TARGET = 9.2;
				MTL_ENABLE_DEBUG_INFO = YES;
				ONLY_ACTIVE_ARCH = YES;
				SDKROOT = iphoneos;
				TARGETED_DEVICE_FAMILY = "1,2";
			};
			name = Debug;
		};
		3B962B331C816334005BF30B /* Release */ = {
			isa = XCBuildConfiguration;
			buildSettings = {
				ALWAYS_SEARCH_USER_PATHS = NO;
				CLANG_CXX_LANGUAGE_STANDARD = "gnu++0x";
				CLANG_CXX_LIBRARY = "libc++";
				CLANG_ENABLE_MODULES = YES;
				CLANG_ENABLE_OBJC_ARC = YES;
				CLANG_WARN_BOOL_CONVERSION = YES;
				CLANG_WARN_CONSTANT_CONVERSION = YES;
				CLANG_WARN_DIRECT_OBJC_ISA_USAGE = YES_ERROR;
				CLANG_WARN_EMPTY_BODY = YES;
				CLANG_WARN_ENUM_CONVERSION = YES;
				CLANG_WARN_INT_CONVERSION = YES;
				CLANG_WARN_OBJC_ROOT_CLASS = YES_ERROR;
				CLANG_WARN_UNREACHABLE_CODE = YES;
				CLANG_WARN__DUPLICATE_METHOD_MATCH = YES;
				"CODE_SIGN_IDENTITY[sdk=iphoneos*]" = "iPhone Developer";
				COPY_PHASE_STRIP = NO;
				DEBUG_INFORMATION_FORMAT = "dwarf-with-dsym";
				ENABLE_NS_ASSERTIONS = NO;
				ENABLE_STRICT_OBJC_MSGSEND = YES;
				GCC_C_LANGUAGE_STANDARD = gnu99;
				GCC_NO_COMMON_BLOCKS = YES;
				GCC_WARN_64_TO_32_BIT_CONVERSION = YES;
				GCC_WARN_ABOUT_RETURN_TYPE = YES_ERROR;
				GCC_WARN_UNDECLARED_SELECTOR = YES;
				GCC_WARN_UNINITIALIZED_AUTOS = YES_AGGRESSIVE;
				GCC_WARN_UNUSED_FUNCTION = YES;
				GCC_WARN_UNUSED_VARIABLE = YES;
				IPHONEOS_DEPLOYMENT_TARGET = 9.2;
				MTL_ENABLE_DEBUG_INFO = NO;
				SDKROOT = iphoneos;
				TARGETED_DEVICE_FAMILY = "1,2";
				VALIDATE_PRODUCT = YES;
			};
			name = Release;
		};
		3B962B351C816334005BF30B /* Debug */ = {
			isa = XCBuildConfiguration;
			buildSettings = {
				ASSETCATALOG_COMPILER_APPICON_NAME = AppIcon;
				INFOPLIST_FILE = news/Info.plist;
				LD_RUNPATH_SEARCH_PATHS = "$(inherited) @executable_path/Frameworks";
				PRODUCT_BUNDLE_IDENTIFIER = com.lm.news;
				PRODUCT_NAME = "$(TARGET_NAME)";
			};
			name = Debug;
		};
		3B962B361C816334005BF30B /* Release */ = {
			isa = XCBuildConfiguration;
			buildSettings = {
				ASSETCATALOG_COMPILER_APPICON_NAME = AppIcon;
				INFOPLIST_FILE = news/Info.plist;
				LD_RUNPATH_SEARCH_PATHS = "$(inherited) @executable_path/Frameworks";
				PRODUCT_BUNDLE_IDENTIFIER = com.lm.news;
				PRODUCT_NAME = "$(TARGET_NAME)";
			};
			name = Release;
		};
/* End XCBuildConfiguration section */

/* Begin XCConfigurationList section */
		3B962B181C816334005BF30B /* Build configuration list for PBXProject "news" */ = {
			isa = XCConfigurationList;
			buildConfigurations = (
				3B962B321C816334005BF30B /* Debug */,
				3B962B331C816334005BF30B /* Release */,
			);
			defaultConfigurationIsVisible = 0;
			defaultConfigurationName = Release;
		};
		3B962B341C816334005BF30B /* Build configuration list for PBXNativeTarget "news" */ = {
			isa = XCConfigurationList;
			buildConfigurations = (
				3B962B351C816334005BF30B /* Debug */,
				3B962B361C816334005BF30B /* Release */,
			);
			defaultConfigurationIsVisible = 0;
		};
/* End XCConfigurationList section */
	};
	rootObject = 3B962B151C816334005BF30B /* Project object */;
}
